
Microsoft Visual Studio Solution File, Format Version 12.00
# Visual Studio Version 16
VisualStudioVersion = 16.0.30406.217
MinimumVisualStudioVersion = 10.0.40219.1
Project("{2150E333-8FDC-42A3-9474-1A3956D46DE8}") = "5 - Entities", "5 - Entities", "{ABBFDCE8-9F22-4C04-AF43-030380399112}"
EndProject
Project("{9A19103F-16F7-4668-BE54-9A1E7A4F7556}") = "GamesRental.Entities", "GamesRental.Entities\GamesRental.Entities.csproj", "{719BB1FE-F663-44AE-B33E-27F69462D05F}"
EndProject
Project("{2150E333-8FDC-42A3-9474-1A3956D46DE8}") = "6 - Util", "6 - Util", "{009E61DF-D7B1-49A5-A3E4-ED04AB287DD7}"
EndProject
Project("{2150E333-8FDC-42A3-9474-1A3956D46DE8}") = "7 - Tests", "7 - Tests", "{A6409F2A-A4B7-431B-9244-ACE60F73B801}"
EndProject
Project("{2150E333-8FDC-42A3-9474-1A3956D46DE8}") = "4 - Infrastructure", "4 - Infrastructure", "{B790FFC9-3F26-4CBB-AF39-7F4DECF2F6CD}"
EndProject
Project("{9A19103F-16F7-4668-BE54-9A1E7A4F7556}") = "GamesRental.Infrastructure.Data", "GamesRental.Infrastructure.Data\GamesRental.Infrastructure.Data.csproj", "{976631DF-CA77-4F2B-A25B-3CDB7F053A2A}"
EndProject
Project("{9A19103F-16F7-4668-BE54-9A1E7A4F7556}") = "GamesRental.Util", "GamesRental.Util\GamesRental.Util.csproj", "{E4AE15D5-EA40-4111-9AB8-E269006CB8F9}"
EndProject
Project("{2150E333-8FDC-42A3-9474-1A3956D46DE8}") = "3 - Domain", "3 - Domain", "{19AE36C1-9C6A-4F32-8928-B57131B7BBA1}"
EndProject
Project("{9A19103F-16F7-4668-BE54-9A1E7A4F7556}") = "GamesRental.Domain", "GamesRental.Domain\GamesRental.Domain.csproj", "{01FBB615-0C36-46E2-B41F-E1DBA539FD02}"
EndProject
Project("{2150E333-8FDC-42A3-9474-1A3956D46DE8}") = "2 - Application", "2 - Application", "{AAF2F254-0CEF-4776-94EB-C7C2686019F2}"
EndProject
Project("{9A19103F-16F7-4668-BE54-9A1E7A4F7556}") = "GamesRental.Application", "GamesRental.Application\GamesRental.Application.csproj", "{D1575113-1B0D-40F0-B123-1D120A751B28}"
EndProject
Project("{2150E333-8FDC-42A3-9474-1A3956D46DE8}") = "1 - Services", "1 - Services", "{FB09BBA6-8106-49F9-9289-39D753CB7164}"
EndProject
Project("{9A19103F-16F7-4668-BE54-9A1E7A4F7556}") = "GamesRental.Infrastructure.CrossCutting.IoC", "GamesRental.Infrastructure.IoC\GamesRental.Infrastructure.CrossCutting.IoC.csproj", "{47CEDF2D-AADC-43A2-A3FB-259D34686A8B}"
EndProject
Project("{FAE04EC0-301F-11D3-BF4B-00C04F79EFBC}") = "GamesRental.Test", "GamesRental.Test\GamesRental.Test.csproj", "{14DEB726-577C-46C9-9979-5D0749592550}"
EndProject
Project("{FAE04EC0-301F-11D3-BF4B-00C04F79EFBC}") = "GamesRental.WebApi", "GamesRental.WebApi\GamesRental.WebApi.csproj", "{C1D06188-0A65-4CBF-A0F2-71D958E58633}"
EndProject
Global
	GlobalSection(SolutionConfigurationPlatforms) = preSolution
		Debug|Any CPU = Debug|Any CPU
		Release|Any CPU = Release|Any CPU
	EndGlobalSection
	GlobalSection(ProjectConfigurationPlatforms) = postSolution
		{719BB1FE-F663-44AE-B33E-27F69462D05F}.Debug|Any CPU.ActiveCfg = Debug|Any CPU
		{719BB1FE-F663-44AE-B33E-27F69462D05F}.Debug|Any CPU.Build.0 = Debug|Any CPU
		{719BB1FE-F663-44AE-B33E-27F69462D05F}.Release|Any CPU.ActiveCfg = Release|Any CPU
		{719BB1FE-F663-44AE-B33E-27F69462D05F}.Release|Any CPU.Build.0 = Release|Any CPU
		{976631DF-CA77-4F2B-A25B-3CDB7F053A2A}.Debug|Any CPU.ActiveCfg = Debug|Any CPU
		{976631DF-CA77-4F2B-A25B-3CDB7F053A2A}.Debug|Any CPU.Build.0 = Debug|Any CPU
		{976631DF-CA77-4F2B-A25B-3CDB7F053A2A}.Release|Any CPU.ActiveCfg = Release|Any CPU
		{976631DF-CA77-4F2B-A25B-3CDB7F053A2A}.Release|Any CPU.Build.0 = Release|Any CPU
		{E4AE15D5-EA40-4111-9AB8-E269006CB8F9}.Debug|Any CPU.ActiveCfg = Debug|Any CPU
		{E4AE15D5-EA40-4111-9AB8-E269006CB8F9}.Debug|Any CPU.Build.0 = Debug|Any CPU
		{E4AE15D5-EA40-4111-9AB8-E269006CB8F9}.Release|Any CPU.ActiveCfg = Release|Any CPU
		{E4AE15D5-EA40-4111-9AB8-E269006CB8F9}.Release|Any CPU.Build.0 = Release|Any CPU
		{01FBB615-0C36-46E2-B41F-E1DBA539FD02}.Debug|Any CPU.ActiveCfg = Debug|Any CPU
		{01FBB615-0C36-46E2-B41F-E1DBA539FD02}.Debug|Any CPU.Build.0 = Debug|Any CPU
		{01FBB615-0C36-46E2-B41F-E1DBA539FD02}.Release|Any CPU.ActiveCfg = Release|Any CPU
		{01FBB615-0C36-46E2-B41F-E1DBA539FD02}.Release|Any CPU.Build.0 = Release|Any CPU
		{D1575113-1B0D-40F0-B123-1D120A751B28}.Debug|Any CPU.ActiveCfg = Debug|Any CPU
		{D1575113-1B0D-40F0-B123-1D120A751B28}.Debug|Any CPU.Build.0 = Debug|Any CPU
		{D1575113-1B0D-40F0-B123-1D120A751B28}.Release|Any CPU.ActiveCfg = Release|Any CPU
		{D1575113-1B0D-40F0-B123-1D120A751B28}.Release|Any CPU.Build.0 = Release|Any CPU
		{47CEDF2D-AADC-43A2-A3FB-259D34686A8B}.Debug|Any CPU.ActiveCfg = Debug|Any CPU
		{47CEDF2D-AADC-43A2-A3FB-259D34686A8B}.Debug|Any CPU.Build.0 = Debug|Any CPU
		{47CEDF2D-AADC-43A2-A3FB-259D34686A8B}.Release|Any CPU.ActiveCfg = Release|Any CPU
		{47CEDF2D-AADC-43A2-A3FB-259D34686A8B}.Release|Any CPU.Build.0 = Release|Any CPU
		{14DEB726-577C-46C9-9979-5D0749592550}.Debug|Any CPU.ActiveCfg = Debug|Any CPU
		{14DEB726-577C-46C9-9979-5D0749592550}.Debug|Any CPU.Build.0 = Debug|Any CPU
		{14DEB726-577C-46C9-9979-5D0749592550}.Release|Any CPU.ActiveCfg = Release|Any CPU
		{14DEB726-577C-46C9-9979-5D0749592550}.Release|Any CPU.Build.0 = Release|Any CPU
		{C1D06188-0A65-4CBF-A0F2-71D958E58633}.Debug|Any CPU.ActiveCfg = Debug|Any CPU
		{C1D06188-0A65-4CBF-A0F2-71D958E58633}.Debug|Any CPU.Build.0 = Debug|Any CPU
		{C1D06188-0A65-4CBF-A0F2-71D958E58633}.Release|Any CPU.ActiveCfg = Release|Any CPU
		{C1D06188-0A65-4CBF-A0F2-71D958E58633}.Release|Any CPU.Build.0 = Release|Any CPU
	EndGlobalSection
	GlobalSection(SolutionProperties) = preSolution
		HideSolutionNode = FALSE
	EndGlobalSection
	GlobalSection(NestedProjects) = preSolution
		{719BB1FE-F663-44AE-B33E-27F69462D05F} = {ABBFDCE8-9F22-4C04-AF43-030380399112}
		{976631DF-CA77-4F2B-A25B-3CDB7F053A2A} = {B790FFC9-3F26-4CBB-AF39-7F4DECF2F6CD}
		{E4AE15D5-EA40-4111-9AB8-E269006CB8F9} = {009E61DF-D7B1-49A5-A3E4-ED04AB287DD7}
		{01FBB615-0C36-46E2-B41F-E1DBA539FD02} = {19AE36C1-9C6A-4F32-8928-B57131B7BBA1}
		{D1575113-1B0D-40F0-B123-1D120A751B28} = {AAF2F254-0CEF-4776-94EB-C7C2686019F2}
		{47CEDF2D-AADC-43A2-A3FB-259D34686A8B} = {B790FFC9-3F26-4CBB-AF39-7F4DECF2F6CD}
		{14DEB726-577C-46C9-9979-5D0749592550} = {A6409F2A-A4B7-431B-9244-ACE60F73B801}
		{C1D06188-0A65-4CBF-A0F2-71D958E58633} = {FB09BBA6-8106-49F9-9289-39D753CB7164}
	EndGlobalSection
	GlobalSection(ExtensibilityGlobals) = postSolution
		SolutionGuid = {1AA3F226-6045-4AAA-9AED-DD7F15B0BA17}
	EndGlobalSection
EndGlobal
